// !$*UTF8*$!
{
	archiveVersion = 1;
	classes = {
	};
	objectVersion = 46;
	objects = {

/* Begin PBXBuildFile section */
		EE906CDC19A689870004019D /* AppDelegate.swift in Sources */ = {isa = PBXBuildFile; fileRef = EE906CDB19A689870004019D /* AppDelegate.swift */; };
		EE906CDE19A689870004019D /* ViewController.swift in Sources */ = {isa = PBXBuildFile; fileRef = EE906CDD19A689870004019D /* ViewController.swift */; };
		EE906CE119A689870004019D /* Main.storyboard in Resources */ = {isa = PBXBuildFile; fileRef = EE906CDF19A689870004019D /* Main.storyboard */; };
		EE906CE319A689870004019D /* Images.xcassets in Resources */ = {isa = PBXBuildFile; fileRef = EE906CE219A689870004019D /* Images.xcassets */; };
		EE906CEF19A689870004019D /* ExampleTests.swift in Sources */ = {isa = PBXBuildFile; fileRef = EE906CEE19A689870004019D /* ExampleTests.swift */; };
		EE906CF919A68A150004019D /* PASImageView.swift in Sources */ = {isa = PBXBuildFile; fileRef = EE906CF819A68A150004019D /* PASImageView.swift */; };
/* End PBXBuildFile section */

/* Begin PBXContainerItemProxy section */
		EE906CE919A689870004019D /* PBXContainerItemProxy */ = {
			isa = PBXContainerItemProxy;
			containerPortal = EE906CCE19A689870004019D /* Project object */;
			proxyType = 1;
			remoteGlobalIDString = EE906CD519A689870004019D;
			remoteInfo = Example;
		};
/* End PBXContainerItemProxy section */

/* Begin PBXFileReference section */
		EE906CD619A689870004019D /* Example.app */ = {isa = PBXFileReference; explicitFileType = wrapper.application; includeInIndex = 0; path = Example.app; sourceTree = BUILT_PRODUCTS_DIR; };
		EE906CDA19A689870004019D /* Info.plist */ = {isa = PBXFileReference; lastKnownFileType = text.plist.xml; path = Info.plist; sourceTree = "<group>"; };
		EE906CDB19A689870004019D /* AppDelegate.swift */ = {isa = PBXFileReference; lastKnownFileType = sourcecode.swift; path = AppDelegate.swift; sourceTree = "<group>"; };
		EE906CDD19A689870004019D /* ViewController.swift */ = {isa = PBXFileReference; lastKnownFileType = sourcecode.swift; path = ViewController.swift; sourceTree = "<group>"; };
		EE906CE019A689870004019D /* Base */ = {isa = PBXFileReference; lastKnownFileType = file.storyboard; name = Base; path = Base.lproj/Main.storyboard; sourceTree = "<group>"; };
		EE906CE219A689870004019D /* Images.xcassets */ = {isa = PBXFileReference; lastKnownFileType = folder.assetcatalog; path = Images.xcassets; sourceTree = "<group>"; };
		EE906CE819A689870004019D /* ExampleTests.xctest */ = {isa = PBXFileReference; explicitFileType = wrapper.cfbundle; includeInIndex = 0; path = ExampleTests.xctest; sourceTree = BUILT_PRODUCTS_DIR; };
		EE906CED19A689870004019D /* Info.plist */ = {isa = PBXFileReference; lastKnownFileType = text.plist.xml; path = Info.plist; sourceTree = "<group>"; };
		EE906CEE19A689870004019D /* ExampleTests.swift */ = {isa = PBXFileReference; lastKnownFileType = sourcecode.swift; path = ExampleTests.swift; sourceTree = "<group>"; };
		EE906CF819A68A150004019D /* PASImageView.swift */ = {isa = PBXFileReference; fileEncoding = 4; lastKnownFileType = sourcecode.swift; path = PASImageView.swift; sourceTree = "<group>"; };
/* End PBXFileReference section */

/* Begin PBXFrameworksBuildPhase section */
		EE906CD319A689870004019D /* Frameworks */ = {
			isa = PBXFrameworksBuildPhase;
			buildActionMask = 2147483647;
			files = (
			);
			runOnlyForDeploymentPostprocessing = 0;
		};
		EE906CE519A689870004019D /* Frameworks */ = {
			isa = PBXFrameworksBuildPhase;
			buildActionMask = 2147483647;
			files = (
			);
			runOnlyForDeploymentPostprocessing = 0;
		};
/* End PBXFrameworksBuildPhase section */

/* Begin PBXGroup section */
		EE906CCD19A689870004019D = {
			isa = PBXGroup;
			children = (
				EE906CD819A689870004019D /* Example */,
				EE906CEB19A689870004019D /* ExampleTests */,
				EE906CD719A689870004019D /* Products */,
			);
			sourceTree = "<group>";
		};
		EE906CD719A689870004019D /* Products */ = {
			isa = PBXGroup;
			children = (
				EE906CD619A689870004019D /* Example.app */,
				EE906CE819A689870004019D /* ExampleTests.xctest */,
			);
			name = Products;
			sourceTree = "<group>";
		};
		EE906CD819A689870004019D /* Example */ = {
			isa = PBXGroup;
			children = (
				EE906CF819A68A150004019D /* PASImageView.swift */,
				EE906CDB19A689870004019D /* AppDelegate.swift */,
				EE906CDD19A689870004019D /* ViewController.swift */,
				EE906CDF19A689870004019D /* Main.storyboard */,
				EE906CE219A689870004019D /* Images.xcassets */,
				EE906CD919A689870004019D /* Supporting Files */,
			);
			path = Example;
			sourceTree = "<group>";
		};
		EE906CD919A689870004019D /* Supporting Files */ = {
			isa = PBXGroup;
			children = (
				EE906CDA19A689870004019D /* Info.plist */,
			);
			name = "Supporting Files";
			sourceTree = "<group>";
		};
		EE906CEB19A689870004019D /* ExampleTests */ = {
			isa = PBXGroup;
			children = (
				EE906CEE19A689870004019D /* ExampleTests.swift */,
				EE906CEC19A689870004019D /* Supporting Files */,
			);
			path = ExampleTests;
			sourceTree = "<group>";
		};
		EE906CEC19A689870004019D /* Supporting Files */ = {
			isa = PBXGroup;
			children = (
				EE906CED19A689870004019D /* Info.plist */,
			);
			name = "Supporting Files";
			sourceTree = "<group>";
		};
/* End PBXGroup section */

/* Begin PBXNativeTarget section */
		EE906CD519A689870004019D /* Example */ = {
			isa = PBXNativeTarget;
			buildConfigurationList = EE906CF219A689870004019D /* Build configuration list for PBXNativeTarget "Example" */;
			buildPhases = (
				EE906CD219A689870004019D /* Sources */,
				EE906CD319A689870004019D /* Frameworks */,
				EE906CD419A689870004019D /* Resources */,
			);
			buildRules = (
			);
			dependencies = (
			);
			name = Example;
			productName = Example;
			productReference = EE906CD619A689870004019D /* Example.app */;
			productType = "com.apple.product-type.application";
		};
		EE906CE719A689870004019D /* ExampleTests */ = {
			isa = PBXNativeTarget;
			buildConfigurationList = EE906CF519A689870004019D /* Build configuration list for PBXNativeTarget "ExampleTests" */;
			buildPhases = (
				EE906CE419A689870004019D /* Sources */,
				EE906CE519A689870004019D /* Frameworks */,
				EE906CE619A689870004019D /* Resources */,
			);
			buildRules = (
			);
			dependencies = (
				EE906CEA19A689870004019D /* PBXTargetDependency */,
			);
			name = ExampleTests;
			productName = ExampleTests;
			productReference = EE906CE819A689870004019D /* ExampleTests.xctest */;
			productType = "com.apple.product-type.bundle.unit-test";
		};
/* End PBXNativeTarget section */

/* Begin PBXProject section */
		EE906CCE19A689870004019D /* Project object */ = {
			isa = PBXProject;
			attributes = {
				LastUpgradeCheck = 0600;
				ORGANIZATIONNAME = "Effective Code";
				TargetAttributes = {
					EE906CD519A689870004019D = {
						CreatedOnToolsVersion = 6.0;
					};
					EE906CE719A689870004019D = {
						CreatedOnToolsVersion = 6.0;
						TestTargetID = EE906CD519A689870004019D;
					};
				};
			};
			buildConfigurationList = EE906CD119A689870004019D /* Build configuration list for PBXProject "Example" */;
			compatibilityVersion = "Xcode 3.2";
			developmentRegion = English;
			hasScannedForEncodings = 0;
			knownRegions = (
				en,
				Base,
			);
			mainGroup = EE906CCD19A689870004019D;
			productRefGroup = EE906CD719A689870004019D /* Products */;
			projectDirPath = "";
			projectRoot = "";
			targets = (
				EE906CD519A689870004019D /* Example */,
				EE906CE719A689870004019D /* ExampleTests */,
			);
		};
/* End PBXProject section */

/* Begin PBXResourcesBuildPhase section */
		EE906CD419A689870004019D /* Resources */ = {
			isa = PBXResourcesBuildPhase;
			buildActionMask = 2147483647;
			files = (
				EE906CE119A689870004019D /* Main.storyboard in Resources */,
				EE906CE319A689870004019D /* Images.xcassets in Resources */,
			);
			runOnlyForDeploymentPostprocessing = 0;
		};
		EE906CE619A689870004019D /* Resources */ = {
			isa = PBXResourcesBuildPhase;
			buildActionMask = 2147483647;
			files = (
			);
			runOnlyForDeploymentPostprocessing = 0;
		};
/* End PBXResourcesBuildPhase section */

/* Begin PBXSourcesBuildPhase section */
		EE906CD219A689870004019D /* Sources */ = {
			isa = PBXSourcesBuildPhase;
			buildActionMask = 2147483647;
			files = (
				EE906CF919A68A150004019D /* PASImageView.swift in Sources */,
				EE906CDE19A689870004019D /* ViewController.swift in Sources */,
				EE906CDC19A689870004019D /* AppDelegate.swift in Sources */,
			);
			runOnlyForDeploymentPostprocessing = 0;
		};
		EE906CE419A689870004019D /* Sources */ = {
			isa = PBXSourcesBuildPhase;
			buildActionMask = 2147483647;
			files = (
				EE906CEF19A689870004019D /* ExampleTests.swift in Sources */,
			);
			runOnlyForDeploymentPostprocessing = 0;
		};
/* End PBXSourcesBuildPhase section */

/* Begin PBXTargetDependency section */
		EE906CEA19A689870004019D /* PBXTargetDependency */ = {
			isa = PBXTargetDependency;
			target = EE906CD519A689870004019D /* Example */;
			targetProxy = EE906CE919A689870004019D /* PBXContainerItemProxy */;
		};
/* End PBXTargetDependency section */

/* Begin PBXVariantGroup section */
		EE906CDF19A689870004019D /* Main.storyboard */ = {
			isa = PBXVariantGroup;
			children = (
				EE906CE019A689870004019D /* Base */,
			);
			name = Main.storyboard;
			sourceTree = "<group>";
		};
/* End PBXVariantGroup section */

/* Begin XCBuildConfiguration section */
		EE906CF019A689870004019D /* Debug */ = {
			isa = XCBuildConfiguration;
			buildSettings = {
				ALWAYS_SEARCH_USER_PATHS = NO;
				CLANG_CXX_LANGUAGE_STANDARD = "gnu++0x";
				CLANG_CXX_LIBRARY = "libc++";
				CLANG_ENABLE_MODULES = YES;
				CLANG_ENABLE_OBJC_ARC = YES;
				CLANG_WARN_BOOL_CONVERSION = YES;
				CLANG_WARN_CONSTANT_CONVERSION = YES;
				CLANG_WARN_DIRECT_OBJC_ISA_USAGE = YES_ERROR;
				CLANG_WARN_EMPTY_BODY = YES;
				CLANG_WARN_ENUM_CONVERSION = YES;
				CLANG_WARN_INT_CONVERSION = YES;
				CLANG_WARN_OBJC_ROOT_CLASS = YES_ERROR;
				CLANG_WARN_UNREACHABLE_CODE = YES;
				CLANG_WARN__DUPLICATE_METHOD_MATCH = YES;
				"CODE_SIGN_IDENTITY[sdk=iphoneos*]" = "iPhone Developer";
				COPY_PHASE_STRIP = NO;
				ENABLE_STRICT_OBJC_MSGSEND = YES;
				GCC_C_LANGUAGE_STANDARD = gnu99;
				GCC_DYNAMIC_NO_PIC = NO;
				GCC_OPTIMIZATION_LEVEL = 0;
				GCC_PREPROCESSOR_DEFINITIONS = (
					"DEBUG=1",
					"$(inherited)",
				);
				GCC_SYMBOLS_PRIVATE_EXTERN = NO;
				GCC_WARN_64_TO_32_BIT_CONVERSION = YES;
				GCC_WARN_ABOUT_RETURN_TYPE = YES_ERROR;
				GCC_WARN_UNDECLARED_SELECTOR = YES;
				GCC_WARN_UNINITIALIZED_AUTOS = YES_AGGRESSIVE;
				GCC_WARN_UNUSED_FUNCTION = YES;
				GCC_WARN_UNUSED_VARIABLE = YES;
				IPHONEOS_DEPLOYMENT_TARGET = 8.0;
				MTL_ENABLE_DEBUG_INFO = YES;
				ONLY_ACTIVE_ARCH = YES;
				SDKROOT = iphoneos;
				SWIFT_OPTIMIZATION_LEVEL = "-Onone";
			};
			name = Debug;
		};
		EE906CF119A689870004019D /* Release */ = {
			isa = XCBuildConfiguration;
			buildSettings = {
				ALWAYS_SEARCH_USER_PATHS = NO;
				CLANG_CXX_LANGUAGE_STANDARD = "gnu++0x";
				CLANG_CXX_LIBRARY = "libc++";
				CLANG_ENABLE_MODULES = YES;
				CLANG_ENABLE_OBJC_ARC = YES;
				CLANG_WARN_BOOL_CONVERSION = YES;
				CLANG_WARN_CONSTANT_CONVERSION = YES;
				CLANG_WARN_DIRECT_OBJC_ISA_USAGE = YES_ERROR;
				CLANG_WARN_EMPTY_BODY = YES;
				CLANG_WARN_ENUM_CONVERSION = YES;
				CLANG_WARN_INT_CONVERSION = YES;
				CLANG_WARN_OBJC_ROOT_CLASS = YES_ERROR;
				CLANG_WARN_UNREACHABLE_CODE = YES;
				CLANG_WARN__DUPLICATE_METHOD_MATCH = YES;
				"CODE_SIGN_IDENTITY[sdk=iphoneos*]" = "iPhone Developer";
				COPY_PHASE_STRIP = YES;
				ENABLE_NS_ASSERTIONS = NO;
				ENABLE_STRICT_OBJC_MSGSEND = YES;
				GCC_C_LANGUAGE_STANDARD = gnu99;
				GCC_WARN_64_TO_32_BIT_CONVERSION = YES;
				GCC_WARN_ABOUT_RETURN_TYPE = YES_ERROR;
				GCC_WARN_UNDECLARED_SELECTOR = YES;
				GCC_WARN_UNINITIALIZED_AUTOS = YES_AGGRESSIVE;
				GCC_WARN_UNUSED_FUNCTION = YES;
				GCC_WARN_UNUSED_VARIABLE = YES;
				IPHONEOS_DEPLOYMENT_TARGET = 8.0;
				MTL_ENABLE_DEBUG_INFO = NO;
				SDKROOT = iphoneos;
				VALIDATE_PRODUCT = YES;
			};
			name = Release;
		};
		EE906CF319A689870004019D /* Debug */ = {
			isa = XCBuildConfiguration;
			buildSettings = {
				ASSETCATALOG_COMPILER_APPICON_NAME = AppIcon;
				ASSETCATALOG_COMPILER_LAUNCHIMAGE_NAME = LaunchImage;
				INFOPLIST_FILE = Example/Info.plist;
				LD_RUNPATH_SEARCH_PATHS = "$(inherited) @executable_path/Frameworks";
				PRODUCT_NAME = "$(TARGET_NAME)";
			};
			name = Debug;
		};
		EE906CF419A689870004019D /* Release */ = {
			isa = XCBuildConfiguration;
			buildSettings = {
				ASSETCATALOG_COMPILER_APPICON_NAME = AppIcon;
				ASSETCATALOG_COMPILER_LAUNCHIMAGE_NAME = LaunchImage;
				INFOPLIST_FILE = Example/Info.plist;
				LD_RUNPATH_SEARCH_PATHS = "$(inherited) @executable_path/Frameworks";
				PRODUCT_NAME = "$(TARGET_NAME)";
			};
			name = Release;
		};
		EE906CF619A689870004019D /* Debug */ = {
			isa = XCBuildConfiguration;
			buildSettings = {
				BUNDLE_LOADER = "$(TEST_HOST)";
				FRAMEWORK_SEARCH_PATHS = (
					"$(SDKROOT)/Developer/Library/Frameworks",
					"$(inherited)",
				);
				GCC_PREPROCESSOR_DEFINITIONS = (
					"DEBUG=1",
					"$(inherited)",
				);
				INFOPLIST_FILE = ExampleTests/Info.plist;
				LD_RUNPATH_SEARCH_PATHS = "$(inherited) @executable_path/Frameworks @loader_path/Frameworks";
				PRODUCT_NAME = "$(TARGET_NAME)";
				TEST_HOST = "$(BUILT_PRODUCTS_DIR)/Example.app/Example";
			};
			name = Debug;
		};
		EE906CF719A689870004019D /* Release */ = {
			isa = XCBuildConfiguration;
			buildSettings = {
				BUNDLE_LOADER = "$(TEST_HOST)";
				FRAMEWORK_SEARCH_PATHS = (
					"$(SDKROOT)/Developer/Library/Frameworks",
					"$(inherited)",
				);
				INFOPLIST_FILE = ExampleTests/Info.plist;
				LD_RUNPATH_SEARCH_PATHS = "$(inherited) @executable_path/Frameworks @loader_path/Frameworks";
				PRODUCT_NAME = "$(TARGET_NAME)";
				TEST_HOST = "$(BUILT_PRODUCTS_DIR)/Example.app/Example";
			};
			name = Release;
		};
/* End XCBuildConfiguration section */

/* Begin XCConfigurationList section */
		EE906CD119A689870004019D /* Build configuration list for PBXProject "Example" */ = {
			isa = XCConfigurationList;
			buildConfigurations = (
				EE906CF019A689870004019D /* Debug */,
				EE906CF119A689870004019D /* Release */,
			);
			defaultConfigurationIsVisible = 0;
			defaultConfigurationName = Release;
		};
		EE906CF219A689870004019D /* Build configuration list for PBXNativeTarget "Example" */ = {
			isa = XCConfigurationList;
			buildConfigurations = (
				EE906CF319A689870004019D /* Debug */,
				EE906CF419A689870004019D /* Release */,
			);
			defaultConfigurationIsVisible = 0;
		};
		EE906CF519A689870004019D /* Build configuration list for PBXNativeTarget "ExampleTests" */ = {
			isa = XCConfigurationList;
			buildConfigurations = (
				EE906CF619A689870004019D /* Debug */,
				EE906CF719A689870004019D /* Release */,
			);
			defaultConfigurationIsVisible = 0;
		};
/* End XCConfigurationList section */
	};
	rootObject = EE906CCE19A689870004019D /* Project object */;
}
